
Microsoft Visual Studio Solution File, Format Version 12.00
# Visual Studio Version 17
VisualStudioVersion = 17.5.002.0
MinimumVisualStudioVersion = 10.0.40219.1
Project("{9A19103F-16F7-4668-BE54-9A1E7A4F7556}") = "ingestion-handler", "ingestion-handler.csproj", "{88D7D087-22EB-4547-AEF7-FDE65200D988}"
EndProject
Global
	GlobalSection(SolutionConfigurationPlatforms) = preSolution
		Debug|Any CPU = Debug|Any CPU
		Release|Any CPU = Release|Any CPU
	EndGlobalSection
	GlobalSection(ProjectConfigurationPlatforms) = postSolution
		{88D7D087-22EB-4547-AEF7-FDE65200D988}.Debug|Any CPU.ActiveCfg = Debug|Any CPU
		{88D7D087-22EB-4547-AEF7-FDE65200D988}.Debug|Any CPU.Build.0 = Debug|Any CPU
		{88D7D087-22EB-4547-AEF7-FDE65200D988}.Release|Any CPU.ActiveCfg = Release|Any CPU
		{88D7D087-22EB-4547-AEF7-FDE65200D988}.Release|Any CPU.Build.0 = Release|Any CPU
	EndGlobalSection
	GlobalSection(SolutionProperties) = preSolution
		HideSolutionNode = FALSE
	EndGlobalSection
	GlobalSection(ExtensibilityGlobals) = postSolution
		SolutionGuid = {2844ED09-6F04-46E1-B339-34334E5C7D7E}
	EndGlobalSection
EndGlobal
